
Microsoft Visual Studio Solution File, Format Version 12.00
# Visual Studio Version 16
VisualStudioVersion = 16.0.29609.76
MinimumVisualStudioVersion = 10.0.40219.1
Project("{FAE04EC0-301F-11D3-BF4B-00C04F79EFBC}") = "CucumberExpressionParserDemo", "CucumberExpressionParserDemo.csproj", "{08567DFF-76E9-4DFB-8A47-D4A34288683D}"
EndProject
Project("{2150E333-8FDC-42A3-9474-1A3956D46DE8}") = "Solution Items", "Solution Items", "{04380E1F-E285-4EC8-93E7-D47C64E8E142}"
	ProjectSection(SolutionItems) = preProject
		..\CucumberExpressionsGrammar.berp = ..\CucumberExpressionsGrammar.berp
		..\generate-parser.cmd = ..\generate-parser.cmd
	EndProjectSection
EndProject
Global
	GlobalSection(SolutionConfigurationPlatforms) = preSolution
		Debug|Any CPU = Debug|Any CPU
		Release|Any CPU = Release|Any CPU
	EndGlobalSection
	GlobalSection(ProjectConfigurationPlatforms) = postSolution
		{08567DFF-76E9-4DFB-8A47-D4A34288683D}.Debug|Any CPU.ActiveCfg = Debug|Any CPU
		{08567DFF-76E9-4DFB-8A47-D4A34288683D}.Debug|Any CPU.Build.0 = Debug|Any CPU
		{08567DFF-76E9-4DFB-8A47-D4A34288683D}.Release|Any CPU.ActiveCfg = Release|Any CPU
		{08567DFF-76E9-4DFB-8A47-D4A34288683D}.Release|Any CPU.Build.0 = Release|Any CPU
	EndGlobalSection
	GlobalSection(SolutionProperties) = preSolution
		HideSolutionNode = FALSE
	EndGlobalSection
	GlobalSection(ExtensibilityGlobals) = postSolution
		SolutionGuid = {9E87E973-9C98-4F67-8521-C9A1809D322C}
	EndGlobalSection
EndGlobal
